
Microsoft Visual Studio Solution File, Format Version 12.00
# Visual Studio Version 16
VisualStudioVersion = 16.0.32413.511
MinimumVisualStudioVersion = 10.0.40219.1
Project("{FAE04EC0-301F-11D3-BF4B-00C04F79EFBC}") = "KoSploit Premium UI", "KoSploit Premium UI\KoSploit Premium UI.csproj", "{F13FF456-38D2-49E5-B4F2-BF9CF30D5A25}"
EndProject
Global
	GlobalSection(SolutionConfigurationPlatforms) = preSolution
		Debug|Any CPU = Debug|Any CPU
		Release|Any CPU = Release|Any CPU
	EndGlobalSection
	GlobalSection(ProjectConfigurationPlatforms) = postSolution
		{F13FF456-38D2-49E5-B4F2-BF9CF30D5A25}.Debug|Any CPU.ActiveCfg = Debug|Any CPU
		{F13FF456-38D2-49E5-B4F2-BF9CF30D5A25}.Debug|Any CPU.Build.0 = Debug|Any CPU
		{F13FF456-38D2-49E5-B4F2-BF9CF30D5A25}.Release|Any CPU.ActiveCfg = Release|Any CPU
		{F13FF456-38D2-49E5-B4F2-BF9CF30D5A25}.Release|Any CPU.Build.0 = Release|Any CPU
	EndGlobalSection
	GlobalSection(SolutionProperties) = preSolution
		HideSolutionNode = FALSE
	EndGlobalSection
	GlobalSection(ExtensibilityGlobals) = postSolution
		SolutionGuid = {43BB0F93-6B74-4321-BF6F-E764BD4BE4B7}
	EndGlobalSection
EndGlobal
